
Microsoft Visual Studio Solution File, Format Version 12.00
# Visual Studio Version 17
VisualStudioVersion = 17.4.33205.214
MinimumVisualStudioVersion = 10.0.40219.1
Project("{FAE04EC0-301F-11D3-BF4B-00C04F79EFBC}") = "Practice - Classes", "Practice - Classes.csproj", "{603396EF-14E0-47CF-AB24-120DE8F3591D}"
EndProject
Global
	GlobalSection(SolutionConfigurationPlatforms) = preSolution
		Debug|Any CPU = Debug|Any CPU
		Release|Any CPU = Release|Any CPU
	EndGlobalSection
	GlobalSection(ProjectConfigurationPlatforms) = postSolution
		{603396EF-14E0-47CF-AB24-120DE8F3591D}.Debug|Any CPU.ActiveCfg = Debug|Any CPU
		{603396EF-14E0-47CF-AB24-120DE8F3591D}.Debug|Any CPU.Build.0 = Debug|Any CPU
		{603396EF-14E0-47CF-AB24-120DE8F3591D}.Release|Any CPU.ActiveCfg = Release|Any CPU
		{603396EF-14E0-47CF-AB24-120DE8F3591D}.Release|Any CPU.Build.0 = Release|Any CPU
	EndGlobalSection
	GlobalSection(SolutionProperties) = preSolution
		HideSolutionNode = FALSE
	EndGlobalSection
	GlobalSection(ExtensibilityGlobals) = postSolution
		SolutionGuid = {CE833FD8-FFD9-413C-86DA-6CF6F24B25FB}
	EndGlobalSection
EndGlobal
